
Microsoft Visual Studio Solution File, Format Version 12.00
# Visual Studio Version 16
VisualStudioVersion = 16.0.31729.503
MinimumVisualStudioVersion = 10.0.40219.1
Project("{FAE04EC0-301F-11D3-BF4B-00C04F79EFBC}") = "wordle", "wordle\wordle.csproj", "{BAE52E1C-E4B1-4DDA-A857-81053F3F02EA}"
EndProject
Global
	GlobalSection(SolutionConfigurationPlatforms) = preSolution
		Debug|Any CPU = Debug|Any CPU
		Release|Any CPU = Release|Any CPU
	EndGlobalSection
	GlobalSection(ProjectConfigurationPlatforms) = postSolution
		{BAE52E1C-E4B1-4DDA-A857-81053F3F02EA}.Debug|Any CPU.ActiveCfg = Debug|Any CPU
		{BAE52E1C-E4B1-4DDA-A857-81053F3F02EA}.Debug|Any CPU.Build.0 = Debug|Any CPU
		{BAE52E1C-E4B1-4DDA-A857-81053F3F02EA}.Release|Any CPU.ActiveCfg = Release|Any CPU
		{BAE52E1C-E4B1-4DDA-A857-81053F3F02EA}.Release|Any CPU.Build.0 = Release|Any CPU
	EndGlobalSection
	GlobalSection(SolutionProperties) = preSolution
		HideSolutionNode = FALSE
	EndGlobalSection
	GlobalSection(ExtensibilityGlobals) = postSolution
		SolutionGuid = {09E03A19-79A0-45F9-9075-2C933FD9F147}
	EndGlobalSection
EndGlobal
